
Microsoft Visual Studio Solution File, Format Version 12.00
Project("{FAE04EC0-301F-11D3-BF4B-00C04F79EFBC}") = "StoreMap.Backend", "StoreMap.Backend\StoreMap.Backend.csproj", "{0E888A84-D618-4635-BFFF-0611CFCDCFF2}"
EndProject
Project("{FAE04EC0-301F-11D3-BF4B-00C04F79EFBC}") = "StoreMap.Backend.Data", "StoreMap.Backend.Data\StoreMap.Backend.Data.csproj", "{AA352E14-E962-477C-932F-99A28C3CA2A8}"
EndProject
Global
	GlobalSection(SolutionConfigurationPlatforms) = preSolution
		Debug|Any CPU = Debug|Any CPU
		Release|Any CPU = Release|Any CPU
	EndGlobalSection
	GlobalSection(ProjectConfigurationPlatforms) = postSolution
		{0E888A84-D618-4635-BFFF-0611CFCDCFF2}.Debug|Any CPU.ActiveCfg = Debug|Any CPU
		{0E888A84-D618-4635-BFFF-0611CFCDCFF2}.Debug|Any CPU.Build.0 = Debug|Any CPU
		{0E888A84-D618-4635-BFFF-0611CFCDCFF2}.Release|Any CPU.ActiveCfg = Release|Any CPU
		{0E888A84-D618-4635-BFFF-0611CFCDCFF2}.Release|Any CPU.Build.0 = Release|Any CPU
		{AA352E14-E962-477C-932F-99A28C3CA2A8}.Debug|Any CPU.ActiveCfg = Debug|Any CPU
		{AA352E14-E962-477C-932F-99A28C3CA2A8}.Debug|Any CPU.Build.0 = Debug|Any CPU
		{AA352E14-E962-477C-932F-99A28C3CA2A8}.Release|Any CPU.ActiveCfg = Release|Any CPU
		{AA352E14-E962-477C-932F-99A28C3CA2A8}.Release|Any CPU.Build.0 = Release|Any CPU
	EndGlobalSection
EndGlobal
