
Microsoft Visual Studio Solution File, Format Version 12.00
Project("{2150E333-8FDC-42A3-9474-1A3956D46DE8}") = "Frontend", "Frontend", "{68F9BD88-7E4E-4274-A46F-5AB0BADB8A78}"
EndProject
Project("{2150E333-8FDC-42A3-9474-1A3956D46DE8}") = "Backend", "Backend", "{7FEECFB2-0610-4D24-9B4E-278D3403AF5E}"
EndProject
Project("{2150E333-8FDC-42A3-9474-1A3956D46DE8}") = "Shared", "Shared", "{78932287-4DFD-4F01-87EA-B7DB3BF6C9BE}"
EndProject
Project("{FAE04EC0-301F-11D3-BF4B-00C04F79EFBC}") = "StoreMap.Backend", "StoreMap.Backend\StoreMap.Backend.csproj", "{8C3A3803-981B-4B15-AAA3-8C51304E6722}"
EndProject
Project("{FAE04EC0-301F-11D3-BF4B-00C04F79EFBC}") = "StoreMap.Backend.Data", "StoreMap.Backend.Data\StoreMap.Backend.Data.csproj", "{9C9D47B0-AA67-4AC0-9AC3-C7E35DFEE7FF}"
EndProject
Project("{FAE04EC0-301F-11D3-BF4B-00C04F79EFBC}") = "StoreMap.Backend.Logic", "StoreMap.Backend.Logic\StoreMap.Backend.Logic.csproj", "{1D5EE83C-B483-4119-8200-310E07A87442}"
EndProject
Project("{FAE04EC0-301F-11D3-BF4B-00C04F79EFBC}") = "StoreMap", "StoreMap\StoreMap.csproj", "{7C7AA037-1A8E-4F8A-B9F0-4357AC6E2274}"
EndProject
Project("{FAE04EC0-301F-11D3-BF4B-00C04F79EFBC}") = "StoreMap.Logic", "StoreMap.Logic\StoreMap.Logic.csproj", "{E9A1E685-924E-44F4-A103-4E1ACA281409}"
EndProject
Project("{FAE04EC0-301F-11D3-BF4B-00C04F79EFBC}") = "StoreMap.Data", "StoreMap.Data\StoreMap.Data.csproj", "{38336BEB-C451-414E-9D65-4AA35275FC5F}"
EndProject
Project("{FAE04EC0-301F-11D3-BF4B-00C04F79EFBC}") = "StoreMap.Backend.Test", "StoreMap.Backend.Test\StoreMap.Backend.Test.csproj", "{DD763E4C-C5FA-4729-854A-73BFA31ED144}"
EndProject
Global
	GlobalSection(SolutionConfigurationPlatforms) = preSolution
		Debug|Any CPU = Debug|Any CPU
		Release|Any CPU = Release|Any CPU
	EndGlobalSection
	GlobalSection(NestedProjects) = preSolution
		{8C3A3803-981B-4B15-AAA3-8C51304E6722} = {7FEECFB2-0610-4D24-9B4E-278D3403AF5E}
		{9C9D47B0-AA67-4AC0-9AC3-C7E35DFEE7FF} = {7FEECFB2-0610-4D24-9B4E-278D3403AF5E}
		{1D5EE83C-B483-4119-8200-310E07A87442} = {7FEECFB2-0610-4D24-9B4E-278D3403AF5E}
		{7C7AA037-1A8E-4F8A-B9F0-4357AC6E2274} = {68F9BD88-7E4E-4274-A46F-5AB0BADB8A78}
		{E9A1E685-924E-44F4-A103-4E1ACA281409} = {68F9BD88-7E4E-4274-A46F-5AB0BADB8A78}
		{38336BEB-C451-414E-9D65-4AA35275FC5F} = {78932287-4DFD-4F01-87EA-B7DB3BF6C9BE}
		{DD763E4C-C5FA-4729-854A-73BFA31ED144} = {7FEECFB2-0610-4D24-9B4E-278D3403AF5E}
	EndGlobalSection
	GlobalSection(ProjectConfigurationPlatforms) = postSolution
		{8C3A3803-981B-4B15-AAA3-8C51304E6722}.Debug|Any CPU.ActiveCfg = Debug|Any CPU
		{8C3A3803-981B-4B15-AAA3-8C51304E6722}.Debug|Any CPU.Build.0 = Debug|Any CPU
		{8C3A3803-981B-4B15-AAA3-8C51304E6722}.Release|Any CPU.ActiveCfg = Release|Any CPU
		{8C3A3803-981B-4B15-AAA3-8C51304E6722}.Release|Any CPU.Build.0 = Release|Any CPU
		{9C9D47B0-AA67-4AC0-9AC3-C7E35DFEE7FF}.Debug|Any CPU.ActiveCfg = Debug|Any CPU
		{9C9D47B0-AA67-4AC0-9AC3-C7E35DFEE7FF}.Debug|Any CPU.Build.0 = Debug|Any CPU
		{9C9D47B0-AA67-4AC0-9AC3-C7E35DFEE7FF}.Release|Any CPU.ActiveCfg = Release|Any CPU
		{9C9D47B0-AA67-4AC0-9AC3-C7E35DFEE7FF}.Release|Any CPU.Build.0 = Release|Any CPU
		{1D5EE83C-B483-4119-8200-310E07A87442}.Debug|Any CPU.ActiveCfg = Debug|Any CPU
		{1D5EE83C-B483-4119-8200-310E07A87442}.Debug|Any CPU.Build.0 = Debug|Any CPU
		{1D5EE83C-B483-4119-8200-310E07A87442}.Release|Any CPU.ActiveCfg = Release|Any CPU
		{1D5EE83C-B483-4119-8200-310E07A87442}.Release|Any CPU.Build.0 = Release|Any CPU
		{7C7AA037-1A8E-4F8A-B9F0-4357AC6E2274}.Debug|Any CPU.ActiveCfg = Debug|Any CPU
		{7C7AA037-1A8E-4F8A-B9F0-4357AC6E2274}.Debug|Any CPU.Build.0 = Debug|Any CPU
		{7C7AA037-1A8E-4F8A-B9F0-4357AC6E2274}.Release|Any CPU.ActiveCfg = Release|Any CPU
		{7C7AA037-1A8E-4F8A-B9F0-4357AC6E2274}.Release|Any CPU.Build.0 = Release|Any CPU
		{E9A1E685-924E-44F4-A103-4E1ACA281409}.Debug|Any CPU.ActiveCfg = Debug|Any CPU
		{E9A1E685-924E-44F4-A103-4E1ACA281409}.Debug|Any CPU.Build.0 = Debug|Any CPU
		{E9A1E685-924E-44F4-A103-4E1ACA281409}.Release|Any CPU.ActiveCfg = Release|Any CPU
		{E9A1E685-924E-44F4-A103-4E1ACA281409}.Release|Any CPU.Build.0 = Release|Any CPU
		{38336BEB-C451-414E-9D65-4AA35275FC5F}.Debug|Any CPU.ActiveCfg = Debug|Any CPU
		{38336BEB-C451-414E-9D65-4AA35275FC5F}.Debug|Any CPU.Build.0 = Debug|Any CPU
		{38336BEB-C451-414E-9D65-4AA35275FC5F}.Release|Any CPU.ActiveCfg = Release|Any CPU
		{38336BEB-C451-414E-9D65-4AA35275FC5F}.Release|Any CPU.Build.0 = Release|Any CPU
		{DD763E4C-C5FA-4729-854A-73BFA31ED144}.Debug|Any CPU.ActiveCfg = Debug|Any CPU
		{DD763E4C-C5FA-4729-854A-73BFA31ED144}.Debug|Any CPU.Build.0 = Debug|Any CPU
		{DD763E4C-C5FA-4729-854A-73BFA31ED144}.Release|Any CPU.ActiveCfg = Release|Any CPU
		{DD763E4C-C5FA-4729-854A-73BFA31ED144}.Release|Any CPU.Build.0 = Release|Any CPU
	EndGlobalSection
EndGlobal
